
Microsoft Visual Studio Solution File, Format Version 12.00
# Visual Studio Version 16
VisualStudioVersion = 16.0.31911.196
MinimumVisualStudioVersion = 10.0.40219.1
Project("{8BC9CEB8-8B4A-11D0-8D11-00A0C91BC942}") = "Nicoe", "Nicoe\Nicoe.vcxproj", "{3C430264-8987-468B-A705-02D1E9A07FAA}"
EndProject
Project("{6EC3EE1D-3C4E-46DD-8F32-0CC8E7565705}") = "Nicoe.Tests", "Nicoe.Tests\Nicoe.Tests.fsproj", "{5BC2EEF1-6CA7-4207-AD02-C7B120416BC5}"
EndProject
Global
	GlobalSection(SolutionConfigurationPlatforms) = preSolution
		Debug|x86 = Debug|x86
		Release|x86 = Release|x86
	EndGlobalSection
	GlobalSection(ProjectConfigurationPlatforms) = postSolution
		{3C430264-8987-468B-A705-02D1E9A07FAA}.Debug|x86.ActiveCfg = Debug|Win32
		{3C430264-8987-468B-A705-02D1E9A07FAA}.Debug|x86.Build.0 = Debug|Win32
		{3C430264-8987-468B-A705-02D1E9A07FAA}.Release|x86.ActiveCfg = Release|Win32
		{3C430264-8987-468B-A705-02D1E9A07FAA}.Release|x86.Build.0 = Release|Win32
		{5BC2EEF1-6CA7-4207-AD02-C7B120416BC5}.Debug|x86.ActiveCfg = Debug|x86
		{5BC2EEF1-6CA7-4207-AD02-C7B120416BC5}.Debug|x86.Build.0 = Debug|x86
		{5BC2EEF1-6CA7-4207-AD02-C7B120416BC5}.Release|x86.ActiveCfg = Release|x86
	EndGlobalSection
	GlobalSection(SolutionProperties) = preSolution
		HideSolutionNode = FALSE
	EndGlobalSection
	GlobalSection(ExtensibilityGlobals) = postSolution
		SolutionGuid = {985E64BF-FCE6-4D18-A20B-6E59350248A5}
	EndGlobalSection
EndGlobal
